// !$*UTF8*$!
{
	archiveVersion = 1;
	classes = {
	};
	objectVersion = 50;
	objects = {

/* Begin PBXBuildFile section */
		7885EEA122C9361D003C1D27 /* AppDelegate.m in Sources */ = {isa = PBXBuildFile; fileRef = 7885EEA022C9361D003C1D27 /* AppDelegate.m */; };
		7885EEA422C9361D003C1D27 /* ViewController.m in Sources */ = {isa = PBXBuildFile; fileRef = 7885EEA322C9361D003C1D27 /* ViewController.m */; };
		7885EEA722C9361D003C1D27 /* Main.storyboard in Resources */ = {isa = PBXBuildFile; fileRef = 7885EEA522C9361D003C1D27 /* Main.storyboard */; };
		7885EEA922C9361F003C1D27 /* Assets.xcassets in Resources */ = {isa = PBXBuildFile; fileRef = 7885EEA822C9361F003C1D27 /* Assets.xcassets */; };
		7885EEAC22C9361F003C1D27 /* LaunchScreen.storyboard in Resources */ = {isa = PBXBuildFile; fileRef = 7885EEAA22C9361F003C1D27 /* LaunchScreen.storyboard */; };
		7885EEAF22C9361F003C1D27 /* main.m in Sources */ = {isa = PBXBuildFile; fileRef = 7885EEAE22C9361F003C1D27 /* main.m */; };
		7885EEB922C9361F003C1D27 /* PhotoBoothTests.m in Sources */ = {isa = PBXBuildFile; fileRef = 7885EEB822C9361F003C1D27 /* PhotoBoothTests.m */; };
		7885EEC522C936ED003C1D27 /* libsqlite3.dylib in Frameworks */ = {isa = PBXBuildFile; fileRef = 7885EEC422C936ED003C1D27 /* libsqlite3.dylib */; };
		7885EECE22C93ECC003C1D27 /* MainViewController.m in Sources */ = {isa = PBXBuildFile; fileRef = 7885EECD22C93ECC003C1D27 /* MainViewController.m */; };
		7885EED422C94000003C1D27 /* StringUtils.m in Sources */ = {isa = PBXBuildFile; fileRef = 7885EED022C93FFF003C1D27 /* StringUtils.m */; };
		7885EED522C94000003C1D27 /* UIUtils.m in Sources */ = {isa = PBXBuildFile; fileRef = 7885EED122C93FFF003C1D27 /* UIUtils.m */; };
		7885EEDA22C941F7003C1D27 /* AsyncOperationManager.m in Sources */ = {isa = PBXBuildFile; fileRef = 7885EED822C941F7003C1D27 /* AsyncOperationManager.m */; };
		7885EEDF22C9432D003C1D27 /* FileManager.m in Sources */ = {isa = PBXBuildFile; fileRef = 7885EEDE22C9432D003C1D27 /* FileManager.m */; };
		7885EEE522C943B9003C1D27 /* Photo.m in Sources */ = {isa = PBXBuildFile; fileRef = 7885EEE222C943B9003C1D27 /* Photo.m */; };
		7885EEE622C943B9003C1D27 /* DatabaseManager.m in Sources */ = {isa = PBXBuildFile; fileRef = 7885EEE322C943B9003C1D27 /* DatabaseManager.m */; };
		7885EEE922C9446A003C1D27 /* DataSourceManager.m in Sources */ = {isa = PBXBuildFile; fileRef = 7885EEE722C94469003C1D27 /* DataSourceManager.m */; };
		7885EEEF22C94531003C1D27 /* ViewModelManager.m in Sources */ = {isa = PBXBuildFile; fileRef = 7885EEED22C94531003C1D27 /* ViewModelManager.m */; };
		7885EEF022C94531003C1D27 /* PhotoViewModel.m in Sources */ = {isa = PBXBuildFile; fileRef = 7885EEEE22C94531003C1D27 /* PhotoViewModel.m */; };
		7885EEF622C945DD003C1D27 /* AsyncImageView.m in Sources */ = {isa = PBXBuildFile; fileRef = 7885EEF422C945DD003C1D27 /* AsyncImageView.m */; };
		7885EEF722C945DD003C1D27 /* PhotoTableViewCell.m in Sources */ = {isa = PBXBuildFile; fileRef = 7885EEF522C945DD003C1D27 /* PhotoTableViewCell.m */; };
		7885EEFB22C946E3003C1D27 /* PhotoViewController.m in Sources */ = {isa = PBXBuildFile; fileRef = 7885EEFA22C946E3003C1D27 /* PhotoViewController.m */; };
		7885EEFF22C94760003C1D27 /* PhotoListViewController.m in Sources */ = {isa = PBXBuildFile; fileRef = 7885EEFE22C94760003C1D27 /* PhotoListViewController.m */; };
/* End PBXBuildFile section */

/* Begin PBXContainerItemProxy section */
		7885EEB522C9361F003C1D27 /* PBXContainerItemProxy */ = {
			isa = PBXContainerItemProxy;
			containerPortal = 7885EE9422C9361D003C1D27 /* Project object */;
			proxyType = 1;
			remoteGlobalIDString = 7885EE9B22C9361D003C1D27;
			remoteInfo = PhotoBooth;
		};
/* End PBXContainerItemProxy section */

/* Begin PBXFileReference section */
		7885EE9C22C9361D003C1D27 /* PhotoBooth.app */ = {isa = PBXFileReference; explicitFileType = wrapper.application; includeInIndex = 0; path = PhotoBooth.app; sourceTree = BUILT_PRODUCTS_DIR; };
		7885EE9F22C9361D003C1D27 /* AppDelegate.h */ = {isa = PBXFileReference; lastKnownFileType = sourcecode.c.h; path = AppDelegate.h; sourceTree = "<group>"; };
		7885EEA022C9361D003C1D27 /* AppDelegate.m */ = {isa = PBXFileReference; lastKnownFileType = sourcecode.c.objc; path = AppDelegate.m; sourceTree = "<group>"; };
		7885EEA222C9361D003C1D27 /* ViewController.h */ = {isa = PBXFileReference; lastKnownFileType = sourcecode.c.h; path = ViewController.h; sourceTree = "<group>"; };
		7885EEA322C9361D003C1D27 /* ViewController.m */ = {isa = PBXFileReference; lastKnownFileType = sourcecode.c.objc; path = ViewController.m; sourceTree = "<group>"; };
		7885EEA622C9361D003C1D27 /* Base */ = {isa = PBXFileReference; lastKnownFileType = file.storyboard; name = Base; path = Base.lproj/Main.storyboard; sourceTree = "<group>"; };
		7885EEA822C9361F003C1D27 /* Assets.xcassets */ = {isa = PBXFileReference; lastKnownFileType = folder.assetcatalog; path = Assets.xcassets; sourceTree = "<group>"; };
		7885EEAB22C9361F003C1D27 /* Base */ = {isa = PBXFileReference; lastKnownFileType = file.storyboard; name = Base; path = Base.lproj/LaunchScreen.storyboard; sourceTree = "<group>"; };
		7885EEAD22C9361F003C1D27 /* Info.plist */ = {isa = PBXFileReference; lastKnownFileType = text.plist.xml; path = Info.plist; sourceTree = "<group>"; };
		7885EEAE22C9361F003C1D27 /* main.m */ = {isa = PBXFileReference; lastKnownFileType = sourcecode.c.objc; path = main.m; sourceTree = "<group>"; };
		7885EEB422C9361F003C1D27 /* PhotoBoothTests.xctest */ = {isa = PBXFileReference; explicitFileType = wrapper.cfbundle; includeInIndex = 0; path = PhotoBoothTests.xctest; sourceTree = BUILT_PRODUCTS_DIR; };
		7885EEB822C9361F003C1D27 /* PhotoBoothTests.m */ = {isa = PBXFileReference; lastKnownFileType = sourcecode.c.objc; path = PhotoBoothTests.m; sourceTree = "<group>"; };
		7885EEBA22C9361F003C1D27 /* Info.plist */ = {isa = PBXFileReference; lastKnownFileType = text.plist.xml; path = Info.plist; sourceTree = "<group>"; };
		7885EEC422C936ED003C1D27 /* libsqlite3.dylib */ = {isa = PBXFileReference; lastKnownFileType = "compiled.mach-o.dylib"; name = libsqlite3.dylib; path = ../../../../usr/lib/libsqlite3.dylib; sourceTree = "<group>"; };
		7885EECC22C93ECC003C1D27 /* MainViewController.h */ = {isa = PBXFileReference; lastKnownFileType = sourcecode.c.h; path = MainViewController.h; sourceTree = "<group>"; };
		7885EECD22C93ECC003C1D27 /* MainViewController.m */ = {isa = PBXFileReference; lastKnownFileType = sourcecode.c.objc; path = MainViewController.m; sourceTree = "<group>"; };
		7885EED022C93FFF003C1D27 /* StringUtils.m */ = {isa = PBXFileReference; fileEncoding = 4; lastKnownFileType = sourcecode.c.objc; path = StringUtils.m; sourceTree = "<group>"; };
		7885EED122C93FFF003C1D27 /* UIUtils.m */ = {isa = PBXFileReference; fileEncoding = 4; lastKnownFileType = sourcecode.c.objc; path = UIUtils.m; sourceTree = "<group>"; };
		7885EED222C93FFF003C1D27 /* StringUtils.h */ = {isa = PBXFileReference; fileEncoding = 4; lastKnownFileType = sourcecode.c.h; path = StringUtils.h; sourceTree = "<group>"; };
		7885EED322C94000003C1D27 /* UIUtils.h */ = {isa = PBXFileReference; fileEncoding = 4; lastKnownFileType = sourcecode.c.h; path = UIUtils.h; sourceTree = "<group>"; };
		7885EED822C941F7003C1D27 /* AsyncOperationManager.m */ = {isa = PBXFileReference; fileEncoding = 4; lastKnownFileType = sourcecode.c.objc; path = AsyncOperationManager.m; sourceTree = "<group>"; };
		7885EED922C941F7003C1D27 /* AsyncOperationManager.h */ = {isa = PBXFileReference; fileEncoding = 4; lastKnownFileType = sourcecode.c.h; path = AsyncOperationManager.h; sourceTree = "<group>"; };
		7885EEDD22C9432D003C1D27 /* FileManager.h */ = {isa = PBXFileReference; fileEncoding = 4; lastKnownFileType = sourcecode.c.h; path = FileManager.h; sourceTree = "<group>"; };
		7885EEDE22C9432D003C1D27 /* FileManager.m */ = {isa = PBXFileReference; fileEncoding = 4; lastKnownFileType = sourcecode.c.objc; path = FileManager.m; sourceTree = "<group>"; };
		7885EEE122C943B9003C1D27 /* DatabaseManager.h */ = {isa = PBXFileReference; fileEncoding = 4; lastKnownFileType = sourcecode.c.h; path = DatabaseManager.h; sourceTree = "<group>"; };
		7885EEE222C943B9003C1D27 /* Photo.m */ = {isa = PBXFileReference; fileEncoding = 4; lastKnownFileType = sourcecode.c.objc; path = Photo.m; sourceTree = "<group>"; };
		7885EEE322C943B9003C1D27 /* DatabaseManager.m */ = {isa = PBXFileReference; fileEncoding = 4; lastKnownFileType = sourcecode.c.objc; path = DatabaseManager.m; sourceTree = "<group>"; };
		7885EEE422C943B9003C1D27 /* Photo.h */ = {isa = PBXFileReference; fileEncoding = 4; lastKnownFileType = sourcecode.c.h; path = Photo.h; sourceTree = "<group>"; };
		7885EEE722C94469003C1D27 /* DataSourceManager.m */ = {isa = PBXFileReference; fileEncoding = 4; lastKnownFileType = sourcecode.c.objc; path = DataSourceManager.m; sourceTree = "<group>"; };
		7885EEE822C94469003C1D27 /* DataSourceManager.h */ = {isa = PBXFileReference; fileEncoding = 4; lastKnownFileType = sourcecode.c.h; path = DataSourceManager.h; sourceTree = "<group>"; };
		7885EEEB22C94531003C1D27 /* PhotoViewModel.h */ = {isa = PBXFileReference; fileEncoding = 4; lastKnownFileType = sourcecode.c.h; path = PhotoViewModel.h; sourceTree = "<group>"; };
		7885EEEC22C94531003C1D27 /* ViewModelManager.h */ = {isa = PBXFileReference; fileEncoding = 4; lastKnownFileType = sourcecode.c.h; path = ViewModelManager.h; sourceTree = "<group>"; };
		7885EEED22C94531003C1D27 /* ViewModelManager.m */ = {isa = PBXFileReference; fileEncoding = 4; lastKnownFileType = sourcecode.c.objc; path = ViewModelManager.m; sourceTree = "<group>"; };
		7885EEEE22C94531003C1D27 /* PhotoViewModel.m */ = {isa = PBXFileReference; fileEncoding = 4; lastKnownFileType = sourcecode.c.objc; path = PhotoViewModel.m; sourceTree = "<group>"; };
		7885EEF222C945DD003C1D27 /* AsyncImageView.h */ = {isa = PBXFileReference; fileEncoding = 4; lastKnownFileType = sourcecode.c.h; path = AsyncImageView.h; sourceTree = "<group>"; };
		7885EEF322C945DD003C1D27 /* PhotoTableViewCell.h */ = {isa = PBXFileReference; fileEncoding = 4; lastKnownFileType = sourcecode.c.h; path = PhotoTableViewCell.h; sourceTree = "<group>"; };
		7885EEF422C945DD003C1D27 /* AsyncImageView.m */ = {isa = PBXFileReference; fileEncoding = 4; lastKnownFileType = sourcecode.c.objc; path = AsyncImageView.m; sourceTree = "<group>"; };
		7885EEF522C945DD003C1D27 /* PhotoTableViewCell.m */ = {isa = PBXFileReference; fileEncoding = 4; lastKnownFileType = sourcecode.c.objc; path = PhotoTableViewCell.m; sourceTree = "<group>"; };
		7885EEF922C946E3003C1D27 /* PhotoViewController.h */ = {isa = PBXFileReference; fileEncoding = 4; lastKnownFileType = sourcecode.c.h; path = PhotoViewController.h; sourceTree = "<group>"; };
		7885EEFA22C946E3003C1D27 /* PhotoViewController.m */ = {isa = PBXFileReference; fileEncoding = 4; lastKnownFileType = sourcecode.c.objc; path = PhotoViewController.m; sourceTree = "<group>"; };
		7885EEFD22C94760003C1D27 /* PhotoListViewController.h */ = {isa = PBXFileReference; fileEncoding = 4; lastKnownFileType = sourcecode.c.h; path = PhotoListViewController.h; sourceTree = "<group>"; };
		7885EEFE22C94760003C1D27 /* PhotoListViewController.m */ = {isa = PBXFileReference; fileEncoding = 4; lastKnownFileType = sourcecode.c.objc; path = PhotoListViewController.m; sourceTree = "<group>"; };
/* End PBXFileReference section */

/* Begin PBXFrameworksBuildPhase section */
		7885EE9922C9361D003C1D27 /* Frameworks */ = {
			isa = PBXFrameworksBuildPhase;
			buildActionMask = 2147483647;
			files = (
				7885EEC522C936ED003C1D27 /* libsqlite3.dylib in Frameworks */,
			);
			runOnlyForDeploymentPostprocessing = 0;
		};
		7885EEB122C9361F003C1D27 /* Frameworks */ = {
			isa = PBXFrameworksBuildPhase;
			buildActionMask = 2147483647;
			files = (
			);
			runOnlyForDeploymentPostprocessing = 0;
		};
/* End PBXFrameworksBuildPhase section */

/* Begin PBXGroup section */
		7885EE9322C9361D003C1D27 = {
			isa = PBXGroup;
			children = (
				7885EE9E22C9361D003C1D27 /* PhotoBooth */,
				7885EEB722C9361F003C1D27 /* PhotoBoothTests */,
				7885EE9D22C9361D003C1D27 /* Products */,
				7885EEC322C936ED003C1D27 /* Frameworks */,
			);
			sourceTree = "<group>";
		};
		7885EE9D22C9361D003C1D27 /* Products */ = {
			isa = PBXGroup;
			children = (
				7885EE9C22C9361D003C1D27 /* PhotoBooth.app */,
				7885EEB422C9361F003C1D27 /* PhotoBoothTests.xctest */,
			);
			name = Products;
			sourceTree = "<group>";
		};
		7885EE9E22C9361D003C1D27 /* PhotoBooth */ = {
			isa = PBXGroup;
			children = (
				7885EEF122C945B1003C1D27 /* Views */,
				7885EEEA22C944FD003C1D27 /* ViewModels */,
				7885EEDB22C942BE003C1D27 /* Data */,
				7885EED722C941B1003C1D27 /* Threading */,
				7885EECF22C93F69003C1D27 /* Utils */,
				7885EECA22C93E6C003C1D27 /* Controllers */,
				7885EE9F22C9361D003C1D27 /* AppDelegate.h */,
				7885EEA022C9361D003C1D27 /* AppDelegate.m */,
				7885EEA222C9361D003C1D27 /* ViewController.h */,
				7885EEA322C9361D003C1D27 /* ViewController.m */,
				7885EEA522C9361D003C1D27 /* Main.storyboard */,
				7885EEA822C9361F003C1D27 /* Assets.xcassets */,
				7885EEAA22C9361F003C1D27 /* LaunchScreen.storyboard */,
				7885EEAD22C9361F003C1D27 /* Info.plist */,
				7885EEAE22C9361F003C1D27 /* main.m */,
			);
			path = PhotoBooth;
			sourceTree = "<group>";
		};
		7885EEB722C9361F003C1D27 /* PhotoBoothTests */ = {
			isa = PBXGroup;
			children = (
				7885EEB822C9361F003C1D27 /* PhotoBoothTests.m */,
				7885EEBA22C9361F003C1D27 /* Info.plist */,
			);
			path = PhotoBoothTests;
			sourceTree = "<group>";
		};
		7885EEC322C936ED003C1D27 /* Frameworks */ = {
			isa = PBXGroup;
			children = (
				7885EEC422C936ED003C1D27 /* libsqlite3.dylib */,
			);
			name = Frameworks;
			sourceTree = "<group>";
		};
		7885EECA22C93E6C003C1D27 /* Controllers */ = {
			isa = PBXGroup;
			children = (
				7885EEFC22C94730003C1D27 /* PhotoListScreen */,
				7885EEF822C9469E003C1D27 /* PhotoScreen */,
				7885EECB22C93EA6003C1D27 /* MainScreen */,
			);
			path = Controllers;
			sourceTree = "<group>";
		};
		7885EECB22C93EA6003C1D27 /* MainScreen */ = {
			isa = PBXGroup;
			children = (
				7885EECC22C93ECC003C1D27 /* MainViewController.h */,
				7885EECD22C93ECC003C1D27 /* MainViewController.m */,
			);
			path = MainScreen;
			sourceTree = "<group>";
		};
		7885EECF22C93F69003C1D27 /* Utils */ = {
			isa = PBXGroup;
			children = (
				7885EED222C93FFF003C1D27 /* StringUtils.h */,
				7885EED022C93FFF003C1D27 /* StringUtils.m */,
				7885EED322C94000003C1D27 /* UIUtils.h */,
				7885EED122C93FFF003C1D27 /* UIUtils.m */,
			);
			path = Utils;
			sourceTree = "<group>";
		};
		7885EED722C941B1003C1D27 /* Threading */ = {
			isa = PBXGroup;
			children = (
				7885EED922C941F7003C1D27 /* AsyncOperationManager.h */,
				7885EED822C941F7003C1D27 /* AsyncOperationManager.m */,
			);
			path = Threading;
			sourceTree = "<group>";
		};
		7885EEDB22C942BE003C1D27 /* Data */ = {
			isa = PBXGroup;
			children = (
				7885EEE822C94469003C1D27 /* DataSourceManager.h */,
				7885EEE722C94469003C1D27 /* DataSourceManager.m */,
				7885EEE022C9438C003C1D27 /* DB */,
				7885EEDC22C942CF003C1D27 /* File */,
			);
			path = Data;
			sourceTree = "<group>";
		};
		7885EEDC22C942CF003C1D27 /* File */ = {
			isa = PBXGroup;
			children = (
				7885EEDD22C9432D003C1D27 /* FileManager.h */,
				7885EEDE22C9432D003C1D27 /* FileManager.m */,
			);
			path = File;
			sourceTree = "<group>";
		};
		7885EEE022C9438C003C1D27 /* DB */ = {
			isa = PBXGroup;
			children = (
				7885EEE122C943B9003C1D27 /* DatabaseManager.h */,
				7885EEE322C943B9003C1D27 /* DatabaseManager.m */,
				7885EEE422C943B9003C1D27 /* Photo.h */,
				7885EEE222C943B9003C1D27 /* Photo.m */,
			);
			path = DB;
			sourceTree = "<group>";
		};
		7885EEEA22C944FD003C1D27 /* ViewModels */ = {
			isa = PBXGroup;
			children = (
				7885EEEB22C94531003C1D27 /* PhotoViewModel.h */,
				7885EEEE22C94531003C1D27 /* PhotoViewModel.m */,
				7885EEEC22C94531003C1D27 /* ViewModelManager.h */,
				7885EEED22C94531003C1D27 /* ViewModelManager.m */,
			);
			path = ViewModels;
			sourceTree = "<group>";
		};
		7885EEF122C945B1003C1D27 /* Views */ = {
			isa = PBXGroup;
			children = (
				7885EEF222C945DD003C1D27 /* AsyncImageView.h */,
				7885EEF422C945DD003C1D27 /* AsyncImageView.m */,
				7885EEF322C945DD003C1D27 /* PhotoTableViewCell.h */,
				7885EEF522C945DD003C1D27 /* PhotoTableViewCell.m */,
			);
			path = Views;
			sourceTree = "<group>";
		};
		7885EEF822C9469E003C1D27 /* PhotoScreen */ = {
			isa = PBXGroup;
			children = (
				7885EEF922C946E3003C1D27 /* PhotoViewController.h */,
				7885EEFA22C946E3003C1D27 /* PhotoViewController.m */,
			);
			path = PhotoScreen;
			sourceTree = "<group>";
		};
		7885EEFC22C94730003C1D27 /* PhotoListScreen */ = {
			isa = PBXGroup;
			children = (
				7885EEFD22C94760003C1D27 /* PhotoListViewController.h */,
				7885EEFE22C94760003C1D27 /* PhotoListViewController.m */,
			);
			path = PhotoListScreen;
			sourceTree = "<group>";
		};
/* End PBXGroup section */

/* Begin PBXNativeTarget section */
		7885EE9B22C9361D003C1D27 /* PhotoBooth */ = {
			isa = PBXNativeTarget;
			buildConfigurationList = 7885EEBD22C9361F003C1D27 /* Build configuration list for PBXNativeTarget "PhotoBooth" */;
			buildPhases = (
				7885EE9822C9361D003C1D27 /* Sources */,
				7885EE9922C9361D003C1D27 /* Frameworks */,
				7885EE9A22C9361D003C1D27 /* Resources */,
			);
			buildRules = (
			);
			dependencies = (
			);
			name = PhotoBooth;
			productName = PhotoBooth;
			productReference = 7885EE9C22C9361D003C1D27 /* PhotoBooth.app */;
			productType = "com.apple.product-type.application";
		};
		7885EEB322C9361F003C1D27 /* PhotoBoothTests */ = {
			isa = PBXNativeTarget;
			buildConfigurationList = 7885EEC022C9361F003C1D27 /* Build configuration list for PBXNativeTarget "PhotoBoothTests" */;
			buildPhases = (
				7885EEB022C9361F003C1D27 /* Sources */,
				7885EEB122C9361F003C1D27 /* Frameworks */,
				7885EEB222C9361F003C1D27 /* Resources */,
			);
			buildRules = (
			);
			dependencies = (
				7885EEB622C9361F003C1D27 /* PBXTargetDependency */,
			);
			name = PhotoBoothTests;
			productName = PhotoBoothTests;
			productReference = 7885EEB422C9361F003C1D27 /* PhotoBoothTests.xctest */;
			productType = "com.apple.product-type.bundle.unit-test";
		};
/* End PBXNativeTarget section */

/* Begin PBXProject section */
		7885EE9422C9361D003C1D27 /* Project object */ = {
			isa = PBXProject;
			attributes = {
				LastUpgradeCheck = 1020;
				ORGANIZATIONNAME = MuLight;
				TargetAttributes = {
					7885EE9B22C9361D003C1D27 = {
						CreatedOnToolsVersion = 10.2.1;
					};
					7885EEB322C9361F003C1D27 = {
						CreatedOnToolsVersion = 10.2.1;
						TestTargetID = 7885EE9B22C9361D003C1D27;
					};
				};
			};
			buildConfigurationList = 7885EE9722C9361D003C1D27 /* Build configuration list for PBXProject "PhotoBooth" */;
			compatibilityVersion = "Xcode 9.3";
			developmentRegion = en;
			hasScannedForEncodings = 0;
			knownRegions = (
				en,
				Base,
			);
			mainGroup = 7885EE9322C9361D003C1D27;
			productRefGroup = 7885EE9D22C9361D003C1D27 /* Products */;
			projectDirPath = "";
			projectRoot = "";
			targets = (
				7885EE9B22C9361D003C1D27 /* PhotoBooth */,
				7885EEB322C9361F003C1D27 /* PhotoBoothTests */,
			);
		};
/* End PBXProject section */

/* Begin PBXResourcesBuildPhase section */
		7885EE9A22C9361D003C1D27 /* Resources */ = {
			isa = PBXResourcesBuildPhase;
			buildActionMask = 2147483647;
			files = (
				7885EEAC22C9361F003C1D27 /* LaunchScreen.storyboard in Resources */,
				7885EEA922C9361F003C1D27 /* Assets.xcassets in Resources */,
				7885EEA722C9361D003C1D27 /* Main.storyboard in Resources */,
			);
			runOnlyForDeploymentPostprocessing = 0;
		};
		7885EEB222C9361F003C1D27 /* Resources */ = {
			isa = PBXResourcesBuildPhase;
			buildActionMask = 2147483647;
			files = (
			);
			runOnlyForDeploymentPostprocessing = 0;
		};
/* End PBXResourcesBuildPhase section */

/* Begin PBXSourcesBuildPhase section */
		7885EE9822C9361D003C1D27 /* Sources */ = {
			isa = PBXSourcesBuildPhase;
			buildActionMask = 2147483647;
			files = (
				7885EEEF22C94531003C1D27 /* ViewModelManager.m in Sources */,
				7885EEA422C9361D003C1D27 /* ViewController.m in Sources */,
				7885EED422C94000003C1D27 /* StringUtils.m in Sources */,
				7885EEAF22C9361F003C1D27 /* main.m in Sources */,
				7885EEE522C943B9003C1D27 /* Photo.m in Sources */,
				7885EEF722C945DD003C1D27 /* PhotoTableViewCell.m in Sources */,
				7885EEF022C94531003C1D27 /* PhotoViewModel.m in Sources */,
				7885EEDF22C9432D003C1D27 /* FileManager.m in Sources */,
				7885EEE922C9446A003C1D27 /* DataSourceManager.m in Sources */,
				7885EEFB22C946E3003C1D27 /* PhotoViewController.m in Sources */,
				7885EEDA22C941F7003C1D27 /* AsyncOperationManager.m in Sources */,
				7885EEA122C9361D003C1D27 /* AppDelegate.m in Sources */,
				7885EECE22C93ECC003C1D27 /* MainViewController.m in Sources */,
				7885EEE622C943B9003C1D27 /* DatabaseManager.m in Sources */,
				7885EEFF22C94760003C1D27 /* PhotoListViewController.m in Sources */,
				7885EED522C94000003C1D27 /* UIUtils.m in Sources */,
				7885EEF622C945DD003C1D27 /* AsyncImageView.m in Sources */,
			);
			runOnlyForDeploymentPostprocessing = 0;
		};
		7885EEB022C9361F003C1D27 /* Sources */ = {
			isa = PBXSourcesBuildPhase;
			buildActionMask = 2147483647;
			files = (
				7885EEB922C9361F003C1D27 /* PhotoBoothTests.m in Sources */,
			);
			runOnlyForDeploymentPostprocessing = 0;
		};
/* End PBXSourcesBuildPhase section */

/* Begin PBXTargetDependency section */
		7885EEB622C9361F003C1D27 /* PBXTargetDependency */ = {
			isa = PBXTargetDependency;
			target = 7885EE9B22C9361D003C1D27 /* PhotoBooth */;
			targetProxy = 7885EEB522C9361F003C1D27 /* PBXContainerItemProxy */;
		};
/* End PBXTargetDependency section */

/* Begin PBXVariantGroup section */
		7885EEA522C9361D003C1D27 /* Main.storyboard */ = {
			isa = PBXVariantGroup;
			children = (
				7885EEA622C9361D003C1D27 /* Base */,
			);
			name = Main.storyboard;
			sourceTree = "<group>";
		};
		7885EEAA22C9361F003C1D27 /* LaunchScreen.storyboard */ = {
			isa = PBXVariantGroup;
			children = (
				7885EEAB22C9361F003C1D27 /* Base */,
			);
			name = LaunchScreen.storyboard;
			sourceTree = "<group>";
		};
/* End PBXVariantGroup section */

/* Begin XCBuildConfiguration section */
		7885EEBB22C9361F003C1D27 /* Debug */ = {
			isa = XCBuildConfiguration;
			buildSettings = {
				ALWAYS_SEARCH_USER_PATHS = NO;
				CLANG_ANALYZER_NONNULL = YES;
				CLANG_ANALYZER_NUMBER_OBJECT_CONVERSION = YES_AGGRESSIVE;
				CLANG_CXX_LANGUAGE_STANDARD = "gnu++14";
				CLANG_CXX_LIBRARY = "libc++";
				CLANG_ENABLE_MODULES = YES;
				CLANG_ENABLE_OBJC_ARC = YES;
				CLANG_ENABLE_OBJC_WEAK = YES;
				CLANG_WARN_BLOCK_CAPTURE_AUTORELEASING = YES;
				CLANG_WARN_BOOL_CONVERSION = YES;
				CLANG_WARN_COMMA = YES;
				CLANG_WARN_CONSTANT_CONVERSION = YES;
				CLANG_WARN_DEPRECATED_OBJC_IMPLEMENTATIONS = YES;
				CLANG_WARN_DIRECT_OBJC_ISA_USAGE = YES_ERROR;
				CLANG_WARN_DOCUMENTATION_COMMENTS = YES;
				CLANG_WARN_EMPTY_BODY = YES;
				CLANG_WARN_ENUM_CONVERSION = YES;
				CLANG_WARN_INFINITE_RECURSION = YES;
				CLANG_WARN_INT_CONVERSION = YES;
				CLANG_WARN_NON_LITERAL_NULL_CONVERSION = YES;
				CLANG_WARN_OBJC_IMPLICIT_RETAIN_SELF = YES;
				CLANG_WARN_OBJC_LITERAL_CONVERSION = YES;
				CLANG_WARN_OBJC_ROOT_CLASS = YES_ERROR;
				CLANG_WARN_RANGE_LOOP_ANALYSIS = YES;
				CLANG_WARN_STRICT_PROTOTYPES = YES;
				CLANG_WARN_SUSPICIOUS_MOVE = YES;
				CLANG_WARN_UNGUARDED_AVAILABILITY = YES_AGGRESSIVE;
				CLANG_WARN_UNREACHABLE_CODE = YES;
				CLANG_WARN__DUPLICATE_METHOD_MATCH = YES;
				CODE_SIGN_IDENTITY = "iPhone Developer";
				COPY_PHASE_STRIP = NO;
				DEBUG_INFORMATION_FORMAT = dwarf;
				ENABLE_STRICT_OBJC_MSGSEND = YES;
				ENABLE_TESTABILITY = YES;
				GCC_C_LANGUAGE_STANDARD = gnu11;
				GCC_DYNAMIC_NO_PIC = NO;
				GCC_NO_COMMON_BLOCKS = YES;
				GCC_OPTIMIZATION_LEVEL = 0;
				GCC_PREPROCESSOR_DEFINITIONS = (
					"DEBUG=1",
					"$(inherited)",
				);
				GCC_WARN_64_TO_32_BIT_CONVERSION = YES;
				GCC_WARN_ABOUT_RETURN_TYPE = YES_ERROR;
				GCC_WARN_UNDECLARED_SELECTOR = YES;
				GCC_WARN_UNINITIALIZED_AUTOS = YES_AGGRESSIVE;
				GCC_WARN_UNUSED_FUNCTION = YES;
				GCC_WARN_UNUSED_VARIABLE = YES;
				IPHONEOS_DEPLOYMENT_TARGET = 12.2;
				MTL_ENABLE_DEBUG_INFO = INCLUDE_SOURCE;
				MTL_FAST_MATH = YES;
				ONLY_ACTIVE_ARCH = YES;
				SDKROOT = iphoneos;
			};
			name = Debug;
		};
		7885EEBC22C9361F003C1D27 /* Release */ = {
			isa = XCBuildConfiguration;
			buildSettings = {
				ALWAYS_SEARCH_USER_PATHS = NO;
				CLANG_ANALYZER_NONNULL = YES;
				CLANG_ANALYZER_NUMBER_OBJECT_CONVERSION = YES_AGGRESSIVE;
				CLANG_CXX_LANGUAGE_STANDARD = "gnu++14";
				CLANG_CXX_LIBRARY = "libc++";
				CLANG_ENABLE_MODULES = YES;
				CLANG_ENABLE_OBJC_ARC = YES;
				CLANG_ENABLE_OBJC_WEAK = YES;
				CLANG_WARN_BLOCK_CAPTURE_AUTORELEASING = YES;
				CLANG_WARN_BOOL_CONVERSION = YES;
				CLANG_WARN_COMMA = YES;
				CLANG_WARN_CONSTANT_CONVERSION = YES;
				CLANG_WARN_DEPRECATED_OBJC_IMPLEMENTATIONS = YES;
				CLANG_WARN_DIRECT_OBJC_ISA_USAGE = YES_ERROR;
				CLANG_WARN_DOCUMENTATION_COMMENTS = YES;
				CLANG_WARN_EMPTY_BODY = YES;
				CLANG_WARN_ENUM_CONVERSION = YES;
				CLANG_WARN_INFINITE_RECURSION = YES;
				CLANG_WARN_INT_CONVERSION = YES;
				CLANG_WARN_NON_LITERAL_NULL_CONVERSION = YES;
				CLANG_WARN_OBJC_IMPLICIT_RETAIN_SELF = YES;
				CLANG_WARN_OBJC_LITERAL_CONVERSION = YES;
				CLANG_WARN_OBJC_ROOT_CLASS = YES_ERROR;
				CLANG_WARN_RANGE_LOOP_ANALYSIS = YES;
				CLANG_WARN_STRICT_PROTOTYPES = YES;
				CLANG_WARN_SUSPICIOUS_MOVE = YES;
				CLANG_WARN_UNGUARDED_AVAILABILITY = YES_AGGRESSIVE;
				CLANG_WARN_UNREACHABLE_CODE = YES;
				CLANG_WARN__DUPLICATE_METHOD_MATCH = YES;
				CODE_SIGN_IDENTITY = "iPhone Developer";
				COPY_PHASE_STRIP = NO;
				DEBUG_INFORMATION_FORMAT = "dwarf-with-dsym";
				ENABLE_NS_ASSERTIONS = NO;
				ENABLE_STRICT_OBJC_MSGSEND = YES;
				GCC_C_LANGUAGE_STANDARD = gnu11;
				GCC_NO_COMMON_BLOCKS = YES;
				GCC_WARN_64_TO_32_BIT_CONVERSION = YES;
				GCC_WARN_ABOUT_RETURN_TYPE = YES_ERROR;
				GCC_WARN_UNDECLARED_SELECTOR = YES;
				GCC_WARN_UNINITIALIZED_AUTOS = YES_AGGRESSIVE;
				GCC_WARN_UNUSED_FUNCTION = YES;
				GCC_WARN_UNUSED_VARIABLE = YES;
				IPHONEOS_DEPLOYMENT_TARGET = 12.2;
				MTL_ENABLE_DEBUG_INFO = NO;
				MTL_FAST_MATH = YES;
				SDKROOT = iphoneos;
				VALIDATE_PRODUCT = YES;
			};
			name = Release;
		};
		7885EEBE22C9361F003C1D27 /* Debug */ = {
			isa = XCBuildConfiguration;
			buildSettings = {
				ASSETCATALOG_COMPILER_APPICON_NAME = AppIcon;
				CODE_SIGN_STYLE = Automatic;
				DEVELOPMENT_TEAM = 96VJ5HWRUK;
				INFOPLIST_FILE = PhotoBooth/Info.plist;
				IPHONEOS_DEPLOYMENT_TARGET = 11.0;
				LD_RUNPATH_SEARCH_PATHS = (
					"$(inherited)",
					"@executable_path/Frameworks",
				);
				PRODUCT_BUNDLE_IDENTIFIER = com.MuLight.PhotoBooth;
				PRODUCT_NAME = "$(TARGET_NAME)";
				TARGETED_DEVICE_FAMILY = 1;
			};
			name = Debug;
		};
		7885EEBF22C9361F003C1D27 /* Release */ = {
			isa = XCBuildConfiguration;
			buildSettings = {
				ASSETCATALOG_COMPILER_APPICON_NAME = AppIcon;
				CODE_SIGN_STYLE = Automatic;
				DEVELOPMENT_TEAM = 96VJ5HWRUK;
				INFOPLIST_FILE = PhotoBooth/Info.plist;
				IPHONEOS_DEPLOYMENT_TARGET = 11.0;
				LD_RUNPATH_SEARCH_PATHS = (
					"$(inherited)",
					"@executable_path/Frameworks",
				);
				PRODUCT_BUNDLE_IDENTIFIER = com.MuLight.PhotoBooth;
				PRODUCT_NAME = "$(TARGET_NAME)";
				TARGETED_DEVICE_FAMILY = 1;
			};
			name = Release;
		};
		7885EEC122C9361F003C1D27 /* Debug */ = {
			isa = XCBuildConfiguration;
			buildSettings = {
				BUNDLE_LOADER = "$(TEST_HOST)";
				CODE_SIGN_STYLE = Automatic;
				DEVELOPMENT_TEAM = 96VJ5HWRUK;
				INFOPLIST_FILE = PhotoBoothTests/Info.plist;
				LD_RUNPATH_SEARCH_PATHS = (
					"$(inherited)",
					"@executable_path/Frameworks",
					"@loader_path/Frameworks",
				);
				PRODUCT_BUNDLE_IDENTIFIER = com.MuLight.PhotoBoothTests;
				PRODUCT_NAME = "$(TARGET_NAME)";
				TARGETED_DEVICE_FAMILY = "1,2";
				TEST_HOST = "$(BUILT_PRODUCTS_DIR)/PhotoBooth.app/PhotoBooth";
			};
			name = Debug;
		};
		7885EEC222C9361F003C1D27 /* Release */ = {
			isa = XCBuildConfiguration;
			buildSettings = {
				BUNDLE_LOADER = "$(TEST_HOST)";
				CODE_SIGN_STYLE = Automatic;
				DEVELOPMENT_TEAM = 96VJ5HWRUK;
				INFOPLIST_FILE = PhotoBoothTests/Info.plist;
				LD_RUNPATH_SEARCH_PATHS = (
					"$(inherited)",
					"@executable_path/Frameworks",
					"@loader_path/Frameworks",
				);
				PRODUCT_BUNDLE_IDENTIFIER = com.MuLight.PhotoBoothTests;
				PRODUCT_NAME = "$(TARGET_NAME)";
				TARGETED_DEVICE_FAMILY = "1,2";
				TEST_HOST = "$(BUILT_PRODUCTS_DIR)/PhotoBooth.app/PhotoBooth";
			};
			name = Release;
		};
/* End XCBuildConfiguration section */

/* Begin XCConfigurationList section */
		7885EE9722C9361D003C1D27 /* Build configuration list for PBXProject "PhotoBooth" */ = {
			isa = XCConfigurationList;
			buildConfigurations = (
				7885EEBB22C9361F003C1D27 /* Debug */,
				7885EEBC22C9361F003C1D27 /* Release */,
			);
			defaultConfigurationIsVisible = 0;
			defaultConfigurationName = Release;
		};
		7885EEBD22C9361F003C1D27 /* Build configuration list for PBXNativeTarget "PhotoBooth" */ = {
			isa = XCConfigurationList;
			buildConfigurations = (
				7885EEBE22C9361F003C1D27 /* Debug */,
				7885EEBF22C9361F003C1D27 /* Release */,
			);
			defaultConfigurationIsVisible = 0;
			defaultConfigurationName = Release;
		};
		7885EEC022C9361F003C1D27 /* Build configuration list for PBXNativeTarget "PhotoBoothTests" */ = {
			isa = XCConfigurationList;
			buildConfigurations = (
				7885EEC122C9361F003C1D27 /* Debug */,
				7885EEC222C9361F003C1D27 /* Release */,
			);
			defaultConfigurationIsVisible = 0;
			defaultConfigurationName = Release;
		};
/* End XCConfigurationList section */
	};
	rootObject = 7885EE9422C9361D003C1D27 /* Project object */;
}
